
Microsoft Visual Studio Solution File, Format Version 12.00
# Visual Studio Version 17
VisualStudioVersion = 17.14.36603.0 d17.14
MinimumVisualStudioVersion = 10.0.40219.1
Project("{FAE04EC0-301F-11D3-BF4B-00C04F79EFBC}") = "TP 01", "TP 01.csproj", "{D433E8A1-58A6-4BF2-8936-576F3499E86A}"
EndProject
Global
	GlobalSection(SolutionConfigurationPlatforms) = preSolution
		Debug|Any CPU = Debug|Any CPU
		Release|Any CPU = Release|Any CPU
	EndGlobalSection
	GlobalSection(ProjectConfigurationPlatforms) = postSolution
		{D433E8A1-58A6-4BF2-8936-576F3499E86A}.Debug|Any CPU.ActiveCfg = Debug|Any CPU
		{D433E8A1-58A6-4BF2-8936-576F3499E86A}.Debug|Any CPU.Build.0 = Debug|Any CPU
		{D433E8A1-58A6-4BF2-8936-576F3499E86A}.Release|Any CPU.ActiveCfg = Release|Any CPU
		{D433E8A1-58A6-4BF2-8936-576F3499E86A}.Release|Any CPU.Build.0 = Release|Any CPU
	EndGlobalSection
	GlobalSection(SolutionProperties) = preSolution
		HideSolutionNode = FALSE
	EndGlobalSection
	GlobalSection(ExtensibilityGlobals) = postSolution
		SolutionGuid = {7422FEBC-FF3C-4A78-8AA8-94055DDF9592}
	EndGlobalSection
EndGlobal
